{
  "name": "momento-a2a-agent",
  "version": "1.0.0",
  "lockfileVersion": 3,
  "requires": true,
  "packages": {
    "": {
      "name": "momento-a2a-agent",
      "version": "1.0.0",
      "license": "ISC",
      "dependencies": {
        "hono": "^4.7.11",
        "uuid": "^11.1.0"
      },
      "devDependencies": {
        "@types/events": "^3.0.3",
        "typescript": "^5.8.3"
      }
    },
    "node_modules/@types/events": {
      "version": "3.0.3",
      "resolved": "https://registry.npmjs.org/@types/events/-/events-3.0.3.tgz",
      "integrity": "sha512-trOc4AAUThEz9hapPtSd7wf5tiQKvTtu5b371UxXdTuqzIh0ArcRspRP0i0Viu+LXstIQ1z96t1nsPxT9ol01g==",
      "dev": true
    },
    "node_modules/hono": {
      "version": "4.7.11",
      "resolved": "https://registry.npmjs.org/hono/-/hono-4.7.11.tgz",
      "integrity": "sha512-rv0JMwC0KALbbmwJDEnxvQCeJh+xbS3KEWW5PC9cMJ08Ur9xgatI0HmtgYZfOdOSOeYsp5LO2cOhdI8cLEbDEQ==",
      "engines": {
        "node": ">=16.9.0"
      }
    },
    "node_modules/typescript": {
      "version": "5.8.3",
      "resolved": "https://registry.npmjs.org/typescript/-/typescript-5.8.3.tgz",
      "integrity": "sha512-p1diW6TqL9L07nNxvRMM7hMMw4c5XOo/1ibL4aAIGmSAt9slTE1Xgw5KWuof2uTOvCg9BY7ZRi+GaF+7sfgPeQ==",
      "dev": true,
      "bin": {
        "tsc": "bin/tsc",
        "tsserver": "bin/tsserver"
      },
      "engines": {
        "node": ">=14.17"
      }
    },
    "node_modules/uuid": {
      "version": "11.1.0",
      "resolved": "https://registry.npmjs.org/uuid/-/uuid-11.1.0.tgz",
      "integrity": "sha512-0/A9rDy9P7cJ+8w1c9WD9V//9Wj15Ce2MPz8Ri6032usz+NfePxx5AcN3bN+r6ZL6jEo066/yNYB3tn4pQEx+A==",
      "funding": [
        "https://github.com/sponsors/broofa",
        "https://github.com/sponsors/ctavan"
      ],
      "bin": {
        "uuid": "dist/esm/bin/uuid"
      }
    }
  }
}
